
Microsoft Visual Studio Solution File, Format Version 12.00
# Visual Studio Version 16
VisualStudioVersion = 16.0.30404.54
MinimumVisualStudioVersion = 10.0.40219.1
Project("{9A19103F-16F7-4668-BE54-9A1E7A4F7556}") = "WebAPI", "WebAPI\WebAPI.csproj", "{5605AE5A-CA93-4902-83FE-5E6E579DCA1F}"
EndProject
Project("{FAE04EC0-301F-11D3-BF4B-00C04F79EFBC}") = "WebAPI_Test", "WebAPI_Test\WebAPI_Test.csproj", "{034E3252-E5C8-4E68-BC3E-B837437DD0C9}"
EndProject
Global
	GlobalSection(SolutionConfigurationPlatforms) = preSolution
		Debug|Any CPU = Debug|Any CPU
		Release|Any CPU = Release|Any CPU
	EndGlobalSection
	GlobalSection(ProjectConfigurationPlatforms) = postSolution
		{5605AE5A-CA93-4902-83FE-5E6E579DCA1F}.Debug|Any CPU.ActiveCfg = Debug|Any CPU
		{5605AE5A-CA93-4902-83FE-5E6E579DCA1F}.Debug|Any CPU.Build.0 = Debug|Any CPU
		{5605AE5A-CA93-4902-83FE-5E6E579DCA1F}.Release|Any CPU.ActiveCfg = Release|Any CPU
		{5605AE5A-CA93-4902-83FE-5E6E579DCA1F}.Release|Any CPU.Build.0 = Release|Any CPU
		{034E3252-E5C8-4E68-BC3E-B837437DD0C9}.Debug|Any CPU.ActiveCfg = Debug|Any CPU
		{034E3252-E5C8-4E68-BC3E-B837437DD0C9}.Debug|Any CPU.Build.0 = Debug|Any CPU
		{034E3252-E5C8-4E68-BC3E-B837437DD0C9}.Release|Any CPU.ActiveCfg = Release|Any CPU
		{034E3252-E5C8-4E68-BC3E-B837437DD0C9}.Release|Any CPU.Build.0 = Release|Any CPU
	EndGlobalSection
	GlobalSection(SolutionProperties) = preSolution
		HideSolutionNode = FALSE
	EndGlobalSection
	GlobalSection(ExtensibilityGlobals) = postSolution
		SolutionGuid = {850B0440-0C18-4119-B695-6A0EAFE6CF1B}
	EndGlobalSection
EndGlobal
